
Microsoft Visual Studio Solution File, Format Version 12.00
# Visual Studio 2012
Project("{E24C65DC-7377-472B-9ABA-BC803B73C61A}") = "BenhVien", "BenhVien\", "{AFDB26CE-6F82-4C1D-B966-F1EC29B44A3A}"
	ProjectSection(WebsiteProperties) = preProject
		TargetFrameworkMoniker = ".NETFramework,Version%3Dv3.5"
		Debug.AspNetCompiler.VirtualPath = "/BenhVien"
		Debug.AspNetCompiler.PhysicalPath = "G:\TinhThanh\Project Myself\BenhVienNamBinhThuan\BenhVien\"
		Debug.AspNetCompiler.TargetPath = "PrecompiledWeb\BenhVien\"
		Debug.AspNetCompiler.Updateable = "true"
		Debug.AspNetCompiler.ForceOverwrite = "true"
		Debug.AspNetCompiler.FixedNames = "false"
		Debug.AspNetCompiler.Debug = "True"
		Release.AspNetCompiler.VirtualPath = "/BenhVien"
		Release.AspNetCompiler.PhysicalPath = "G:\TinhThanh\Project Myself\BenhVienNamBinhThuan\BenhVien\"
		Release.AspNetCompiler.TargetPath = "PrecompiledWeb\BenhVien\"
		Release.AspNetCompiler.Updateable = "true"
		Release.AspNetCompiler.ForceOverwrite = "true"
		Release.AspNetCompiler.FixedNames = "false"
		Release.AspNetCompiler.Debug = "False"
		VWDPort = "1391"
	EndProjectSection
EndProject
Global
	GlobalSection(SolutionConfigurationPlatforms) = preSolution
		Debug|Any CPU = Debug|Any CPU
	EndGlobalSection
	GlobalSection(ProjectConfigurationPlatforms) = postSolution
		{AFDB26CE-6F82-4C1D-B966-F1EC29B44A3A}.Debug|Any CPU.ActiveCfg = Debug|Any CPU
		{AFDB26CE-6F82-4C1D-B966-F1EC29B44A3A}.Debug|Any CPU.Build.0 = Debug|Any CPU
	EndGlobalSection
	GlobalSection(SolutionProperties) = preSolution
		HideSolutionNode = FALSE
	EndGlobalSection
EndGlobal
